
Microsoft Visual Studio Solution File, Format Version 12.00
# Visual Studio Version 16
VisualStudioVersion = 16.0.29409.12
MinimumVisualStudioVersion = 10.0.40219.1
Project("{FAE04EC0-301F-11D3-BF4B-00C04F79EFBC}") = "Computer", "Computer.csproj", "{955E5487-5253-47C5-A869-D2654094AC8D}"
EndProject
Global
	GlobalSection(SolutionConfigurationPlatforms) = preSolution
		Debug|Any CPU = Debug|Any CPU
		Release|Any CPU = Release|Any CPU
	EndGlobalSection
	GlobalSection(ProjectConfigurationPlatforms) = postSolution
		{955E5487-5253-47C5-A869-D2654094AC8D}.Debug|Any CPU.ActiveCfg = Debug|Any CPU
		{955E5487-5253-47C5-A869-D2654094AC8D}.Debug|Any CPU.Build.0 = Debug|Any CPU
		{955E5487-5253-47C5-A869-D2654094AC8D}.Release|Any CPU.ActiveCfg = Release|Any CPU
		{955E5487-5253-47C5-A869-D2654094AC8D}.Release|Any CPU.Build.0 = Release|Any CPU
	EndGlobalSection
	GlobalSection(SolutionProperties) = preSolution
		HideSolutionNode = FALSE
	EndGlobalSection
	GlobalSection(ExtensibilityGlobals) = postSolution
		SolutionGuid = {603663D1-9FC4-4EC9-99D1-4D6BA97C90C7}
	EndGlobalSection
EndGlobal
